
Microsoft Visual Studio Solution File, Format Version 12.00
# Visual Studio Version 16
VisualStudioVersion = 16.0.31402.337
MinimumVisualStudioVersion = 10.0.40219.1
Project("{9A19103F-16F7-4668-BE54-9A1E7A4F7556}") = "Mr.Resolution", "Mr.Resolution\Mr.Resolution.csproj", "{29DD56E5-B03B-4E2D-9393-2368CA89FEDE}"
EndProject
Global
	GlobalSection(SolutionConfigurationPlatforms) = preSolution
		Debug|Any CPU = Debug|Any CPU
		Release|Any CPU = Release|Any CPU
	EndGlobalSection
	GlobalSection(ProjectConfigurationPlatforms) = postSolution
		{29DD56E5-B03B-4E2D-9393-2368CA89FEDE}.Debug|Any CPU.ActiveCfg = Debug|Any CPU
		{29DD56E5-B03B-4E2D-9393-2368CA89FEDE}.Debug|Any CPU.Build.0 = Debug|Any CPU
		{29DD56E5-B03B-4E2D-9393-2368CA89FEDE}.Release|Any CPU.ActiveCfg = Release|Any CPU
		{29DD56E5-B03B-4E2D-9393-2368CA89FEDE}.Release|Any CPU.Build.0 = Release|Any CPU
	EndGlobalSection
	GlobalSection(SolutionProperties) = preSolution
		HideSolutionNode = FALSE
	EndGlobalSection
	GlobalSection(ExtensibilityGlobals) = postSolution
		SolutionGuid = {5D5A8975-8BC8-4A37-AD18-77B9C8EDBEE4}
	EndGlobalSection
EndGlobal
